PODS:
  - Flutter (1.0.0)
  - flutter_push_badge (0.0.1):
    - Flutter

DEPENDENCIES:
  - Flutter (from `Flutter`)
  - flutter_push_badge (from `.symlinks/plugins/flutter_push_badge/ios`)

EXTERNAL SOURCES:
  Flutter:
    :path: Flutter
  flutter_push_badge:
    :path: ".symlinks/plugins/flutter_push_badge/ios"

SPEC CHECKSUMS:
  Flutter: 0e3d915762c693b495b44d77113d4970485de6ec
  flutter_push_badge: c7accb1e2cff5c7728c71a8b13ad9251af715981

PODFILE CHECKSUM: 1b66dae606f75376c5f2135a8290850eeb09ae83

COCOAPODS: 1.8.3
